{
  "requires": true,
  "lockfileVersion": 1,
  "dependencies": {
    "mathjax": {
      "version": "3.1.2",
      "resolved": "https://registry.npmjs.org/mathjax/-/mathjax-3.1.2.tgz",
      "integrity": "sha512-BojKspBv4nNWzO1wC6VEI+g9gHDOhkaGHGgLxXkasdU4pwjdO5AXD5M/wcLPkXYPjZ/N+6sU8rjQTlyvN2cWiQ=="
    }
  }
}
